
Microsoft Visual Studio Solution File, Format Version 12.00
# Visual Studio 15
VisualStudioVersion = 15.0.28307.1209
MinimumVisualStudioVersion = 10.0.40219.1
Project("{FAE04EC0-301F-11D3-BF4B-00C04F79EFBC}") = "DeveloperTest", "DeveloperTest\DeveloperTest.csproj", "{BCF2D7BC-544A-41E8-B3B1-D4B55314AFBC}"
EndProject
Project("{FAE04EC0-301F-11D3-BF4B-00C04F79EFBC}") = "MailingLib", "MailingLib\MailingLib.csproj", "{DC1D1028-EEAD-4D95-8153-9E115F501117}"
EndProject
Project("{FAE04EC0-301F-11D3-BF4B-00C04F79EFBC}") = "Services", "Services\Services.csproj", "{8D104A9A-8902-4366-AAA1-B5FD1B118F37}"
EndProject
Global
	GlobalSection(SolutionConfigurationPlatforms) = preSolution
		Debug|Any CPU = Debug|Any CPU
		Release|Any CPU = Release|Any CPU
	EndGlobalSection
	GlobalSection(ProjectConfigurationPlatforms) = postSolution
		{BCF2D7BC-544A-41E8-B3B1-D4B55314AFBC}.Debug|Any CPU.ActiveCfg = Debug|Any CPU
		{BCF2D7BC-544A-41E8-B3B1-D4B55314AFBC}.Debug|Any CPU.Build.0 = Debug|Any CPU
		{BCF2D7BC-544A-41E8-B3B1-D4B55314AFBC}.Release|Any CPU.ActiveCfg = Release|Any CPU
		{BCF2D7BC-544A-41E8-B3B1-D4B55314AFBC}.Release|Any CPU.Build.0 = Release|Any CPU
		{DC1D1028-EEAD-4D95-8153-9E115F501117}.Debug|Any CPU.ActiveCfg = Debug|Any CPU
		{DC1D1028-EEAD-4D95-8153-9E115F501117}.Debug|Any CPU.Build.0 = Debug|Any CPU
		{DC1D1028-EEAD-4D95-8153-9E115F501117}.Release|Any CPU.ActiveCfg = Release|Any CPU
		{DC1D1028-EEAD-4D95-8153-9E115F501117}.Release|Any CPU.Build.0 = Release|Any CPU
		{8D104A9A-8902-4366-AAA1-B5FD1B118F37}.Debug|Any CPU.ActiveCfg = Debug|Any CPU
		{8D104A9A-8902-4366-AAA1-B5FD1B118F37}.Debug|Any CPU.Build.0 = Debug|Any CPU
		{8D104A9A-8902-4366-AAA1-B5FD1B118F37}.Release|Any CPU.ActiveCfg = Release|Any CPU
		{8D104A9A-8902-4366-AAA1-B5FD1B118F37}.Release|Any CPU.Build.0 = Release|Any CPU
	EndGlobalSection
	GlobalSection(SolutionProperties) = preSolution
		HideSolutionNode = FALSE
	EndGlobalSection
	GlobalSection(ExtensibilityGlobals) = postSolution
		SolutionGuid = {8C2D68EA-43E2-41CB-9C2C-FBF549C1FE13}
	EndGlobalSection
EndGlobal
